
Microsoft Visual Studio Solution File, Format Version 12.00
# Visual Studio 14
VisualStudioVersion = 14.0.25420.1
MinimumVisualStudioVersion = 10.0.40219.1
Project("{FAE04EC0-301F-11D3-BF4B-00C04F79EFBC}") = "Core", "Core\Core.csproj", "{88EF1877-5E4C-4440-82D9-B64C89CD11EF}"
	ProjectSection(ProjectDependencies) = postProject
		{C0EEDCF7-134E-43A4-B8AE-12003C6602B3} = {C0EEDCF7-134E-43A4-B8AE-12003C6602B3}
	EndProjectSection
EndProject
Project("{FAE04EC0-301F-11D3-BF4B-00C04F79EFBC}") = "Executor", "Executor\Executor.csproj", "{D8B5ED2E-00DF-497E-8207-695F611A1DC7}"
	ProjectSection(ProjectDependencies) = postProject
		{88EF1877-5E4C-4440-82D9-B64C89CD11EF} = {88EF1877-5E4C-4440-82D9-B64C89CD11EF}
		{C0EEDCF7-134E-43A4-B8AE-12003C6602B3} = {C0EEDCF7-134E-43A4-B8AE-12003C6602B3}
	EndProjectSection
EndProject
Project("{FAE04EC0-301F-11D3-BF4B-00C04F79EFBC}") = "LogWrapper", "LogWrapper\LogWrapper.csproj", "{C0EEDCF7-134E-43A4-B8AE-12003C6602B3}"
EndProject
Project("{2150E333-8FDC-42A3-9474-1A3956D46DE8}") = "Plugins", "Plugins", "{1A7AC4B6-5BCC-475E-85C5-581986F356FB}"
EndProject
Project("{FAE04EC0-301F-11D3-BF4B-00C04F79EFBC}") = "CommonLib", "CommonLib\CommonLib.csproj", "{E9360285-7369-4E6A-B485-6318B39B1077}"
EndProject
Project("{FAE04EC0-301F-11D3-BF4B-00C04F79EFBC}") = "DNPlugin", "Plugin\DNPlugin\DNPlugin.csproj", "{0F074CF8-4B19-454D-9065-E7D3A85921B5}"
EndProject
Project("{FAE04EC0-301F-11D3-BF4B-00C04F79EFBC}") = "TestPlugin", "Plugin\TestPlugin\TestPlugin.csproj", "{DA900EDD-46A2-4A02-A721-9F416649E128}"
EndProject
Project("{FAE04EC0-301F-11D3-BF4B-00C04F79EFBC}") = "WpfExecutor", "WpfExecutor\WpfExecutor.csproj", "{6E9C0A50-A3E5-4BD0-AE2E-9924ECD369C3}"
EndProject
Project("{FAE04EC0-301F-11D3-BF4B-00C04F79EFBC}") = "WpfConverters", "WpfConverters\WpfConverters.csproj", "{E7046A14-C2E7-4B26-B54C-D2CF717ADC1E}"
EndProject
Global
	GlobalSection(SolutionConfigurationPlatforms) = preSolution
		Debug|Any CPU = Debug|Any CPU
		Release|Any CPU = Release|Any CPU
	EndGlobalSection
	GlobalSection(ProjectConfigurationPlatforms) = postSolution
		{88EF1877-5E4C-4440-82D9-B64C89CD11EF}.Debug|Any CPU.ActiveCfg = Debug|Any CPU
		{88EF1877-5E4C-4440-82D9-B64C89CD11EF}.Debug|Any CPU.Build.0 = Debug|Any CPU
		{88EF1877-5E4C-4440-82D9-B64C89CD11EF}.Release|Any CPU.ActiveCfg = Release|Any CPU
		{88EF1877-5E4C-4440-82D9-B64C89CD11EF}.Release|Any CPU.Build.0 = Release|Any CPU
		{D8B5ED2E-00DF-497E-8207-695F611A1DC7}.Debug|Any CPU.ActiveCfg = Debug|Any CPU
		{D8B5ED2E-00DF-497E-8207-695F611A1DC7}.Debug|Any CPU.Build.0 = Debug|Any CPU
		{D8B5ED2E-00DF-497E-8207-695F611A1DC7}.Release|Any CPU.ActiveCfg = Release|Any CPU
		{D8B5ED2E-00DF-497E-8207-695F611A1DC7}.Release|Any CPU.Build.0 = Release|Any CPU
		{C0EEDCF7-134E-43A4-B8AE-12003C6602B3}.Debug|Any CPU.ActiveCfg = Debug|Any CPU
		{C0EEDCF7-134E-43A4-B8AE-12003C6602B3}.Debug|Any CPU.Build.0 = Debug|Any CPU
		{C0EEDCF7-134E-43A4-B8AE-12003C6602B3}.Release|Any CPU.ActiveCfg = Release|Any CPU
		{C0EEDCF7-134E-43A4-B8AE-12003C6602B3}.Release|Any CPU.Build.0 = Release|Any CPU
		{E9360285-7369-4E6A-B485-6318B39B1077}.Debug|Any CPU.ActiveCfg = Debug|Any CPU
		{E9360285-7369-4E6A-B485-6318B39B1077}.Debug|Any CPU.Build.0 = Debug|Any CPU
		{E9360285-7369-4E6A-B485-6318B39B1077}.Release|Any CPU.ActiveCfg = Release|Any CPU
		{E9360285-7369-4E6A-B485-6318B39B1077}.Release|Any CPU.Build.0 = Release|Any CPU
		{0F074CF8-4B19-454D-9065-E7D3A85921B5}.Debug|Any CPU.ActiveCfg = Debug|Any CPU
		{0F074CF8-4B19-454D-9065-E7D3A85921B5}.Debug|Any CPU.Build.0 = Debug|Any CPU
		{0F074CF8-4B19-454D-9065-E7D3A85921B5}.Release|Any CPU.ActiveCfg = Release|Any CPU
		{0F074CF8-4B19-454D-9065-E7D3A85921B5}.Release|Any CPU.Build.0 = Release|Any CPU
		{DA900EDD-46A2-4A02-A721-9F416649E128}.Debug|Any CPU.ActiveCfg = Debug|Any CPU
		{DA900EDD-46A2-4A02-A721-9F416649E128}.Debug|Any CPU.Build.0 = Debug|Any CPU
		{DA900EDD-46A2-4A02-A721-9F416649E128}.Release|Any CPU.ActiveCfg = Release|Any CPU
		{DA900EDD-46A2-4A02-A721-9F416649E128}.Release|Any CPU.Build.0 = Release|Any CPU
		{6E9C0A50-A3E5-4BD0-AE2E-9924ECD369C3}.Debug|Any CPU.ActiveCfg = Debug|Any CPU
		{6E9C0A50-A3E5-4BD0-AE2E-9924ECD369C3}.Debug|Any CPU.Build.0 = Debug|Any CPU
		{6E9C0A50-A3E5-4BD0-AE2E-9924ECD369C3}.Release|Any CPU.ActiveCfg = Release|Any CPU
		{6E9C0A50-A3E5-4BD0-AE2E-9924ECD369C3}.Release|Any CPU.Build.0 = Release|Any CPU
		{E7046A14-C2E7-4B26-B54C-D2CF717ADC1E}.Debug|Any CPU.ActiveCfg = Debug|Any CPU
		{E7046A14-C2E7-4B26-B54C-D2CF717ADC1E}.Debug|Any CPU.Build.0 = Debug|Any CPU
		{E7046A14-C2E7-4B26-B54C-D2CF717ADC1E}.Release|Any CPU.ActiveCfg = Release|Any CPU
		{E7046A14-C2E7-4B26-B54C-D2CF717ADC1E}.Release|Any CPU.Build.0 = Release|Any CPU
	EndGlobalSection
	GlobalSection(SolutionProperties) = preSolution
		HideSolutionNode = FALSE
	EndGlobalSection
	GlobalSection(NestedProjects) = preSolution
		{0F074CF8-4B19-454D-9065-E7D3A85921B5} = {1A7AC4B6-5BCC-475E-85C5-581986F356FB}
		{DA900EDD-46A2-4A02-A721-9F416649E128} = {1A7AC4B6-5BCC-475E-85C5-581986F356FB}
	EndGlobalSection
EndGlobal
